<?xml version="1.0" encoding="utf-8"?>
<Project ToolsVersion="4.0" xmlns="http://schemas.microsoft.com/developer/msbuild/2003">
  <ItemGroup>
    <Filter Include="Source Files">
      <UniqueIdentifier>{4FC737F1-C7A5-4376-A066-2A32D752A2FF}</UniqueIdentifier>
      <Extensions>cpp;c;cc;cxx;def;odl;idl;hpj;bat;asm;asmx</Extensions>
    </Filter>
    <Filter Include="Header Files">
      <UniqueIdentifier>{93995380-89BD-4b04-88EB-625FBE52EBFB}</UniqueIdentifier>
      <Extensions>h;hh;hpp;hxx;hm;inl;inc;ipp;xsd</Extensions>
    </Filter>
    <Filter Include="Resource Files">
      <UniqueIdentifier>{67DA6AB6-F800-4c08-8B7A-83BB121AAD01}</UniqueIdentifier>
      <Extensions>rc;ico;cur;bmp;dlg;rc2;rct;bin;rgs;gif;jpg;jpeg;jpe;resx;tiff;tif;png;wav;mfcribbon-ms</Extensions>
    </Filter>
    <Filter Include="Header Files\Scenes">
      <UniqueIdentifier>{f6788ce0-1f51-4b1b-a0da-251f6fe84d29}</UniqueIdentifier>
    </Filter>
    <Filter Include="Source Files\Scenes">
      <UniqueIdentifier>{c88cd497-d134-4056-aeea-c84fed34121e}</UniqueIdentifier>
    </Filter>
    <Filter Include="Source Files\Pools">
      <UniqueIdentifier>{ef6bc362-6774-4146-8a99-de1b6850f909}</UniqueIdentifier>
    </Filter>
    <Filter Include="Header Files\Pools">
      <UniqueIdentifier>{19a93ad5-a8f8-4261-b97c-48449f082a46}</UniqueIdentifier>
    </Filter>
    <Filter Include="Header Files\FSMs">
      <UniqueIdentifier>{8c2a8e57-ec90-4c51-ba89-8278388ec274}</UniqueIdentifier>
    </Filter>
    <Filter Include="Source Files\Main">
      <UniqueIdentifier>{a47297c1-9df8-4cb2-b957-a9db5c824277}</UniqueIdentifier>
    </Filter>
    <Filter Include="Source Files\Cases">
      <UniqueIdentifier>{46e5002d-a00c-4c66-8c7d-09cd05154974}</UniqueIdentifier>
    </Filter>
    <Filter Include="Source Files\Suspects">
      <UniqueIdentifier>{007d2ff5-3b7e-43e0-b392-b982b2d7ef0c}</UniqueIdentifier>
    </Filter>
    <Filter Include="Header Files\Cases">
      <UniqueIdentifier>{5e43d6eb-5dfb-4857-948d-bc4e32ae537a}</UniqueIdentifier>
    </Filter>
    <Filter Include="Header Files\Suspects">
      <UniqueIdentifier>{473b3faa-cead-4aef-be77-6a95c62a93e8}</UniqueIdentifier>
    </Filter>
  </ItemGroup>
  <ItemGroup>
    <ClCompile Include="SuspectPool.cpp">
      <Filter>Source Files\Pools</Filter>
    </ClCompile>
    <ClCompile Include="Game.cpp">
      <Filter>Source Files\Scenes</Filter>
    </ClCompile>
    <ClCompile Include="main.cpp">
      <Filter>Source Files\Main</Filter>
    </ClCompile>
    <ClCompile Include="CasePool.cpp">
      <Filter>Source Files\Pools</Filter>
    </ClCompile>
    <ClCompile Include="Cases.cpp">
      <Filter>Source Files\Cases</Filter>
    </ClCompile>
    <ClCompile Include="Suspects.cpp">
      <Filter>Source Files\Suspects</Filter>
    </ClCompile>
    <ClCompile Include="CaseOne.cpp">
      <Filter>Source Files\Cases</Filter>
    </ClCompile>
    <ClCompile Include="CaseTwo.cpp">
      <Filter>Source Files\Cases</Filter>
    </ClCompile>
    <ClCompile Include="CaseThree.cpp">
      <Filter>Source Files\Cases</Filter>
    </ClCompile>
    <ClCompile Include="SuspectFive.cpp">
      <Filter>Source Files\Suspects</Filter>
    </ClCompile>
    <ClCompile Include="SuspectFour.cpp">
      <Filter>Source Files\Suspects</Filter>
    </ClCompile>
    <ClCompile Include="SuspectOne.cpp">
      <Filter>Source Files\Suspects</Filter>
    </ClCompile>
    <ClCompile Include="SuspectSix.cpp">
      <Filter>Source Files\Suspects</Filter>
    </ClCompile>
    <ClCompile Include="SuspectThree.cpp">
      <Filter>Source Files\Suspects</Filter>
    </ClCompile>
    <ClCompile Include="SuspectTwo.cpp">
      <Filter>Source Files\Suspects</Filter>
    </ClCompile>
  </ItemGroup>
  <ItemGroup>
    <ClInclude Include="SuspectPool.h">
      <Filter>Header Files\Pools</Filter>
    </ClInclude>
    <ClInclude Include="LinkList.h">
      <Filter>Header Files</Filter>
    </ClInclude>
    <ClInclude Include="Game.h">
      <Filter>Header Files\Scenes</Filter>
    </ClInclude>
    <ClInclude Include="CasePool.h">
      <Filter>Header Files\Pools</Filter>
    </ClInclude>
    <ClInclude Include="Cases.h">
      <Filter>Header Files\Cases</Filter>
    </ClInclude>
    <ClInclude Include="Suspects.h">
      <Filter>Header Files\Suspects</Filter>
    </ClInclude>
    <ClInclude Include="CaseOne.h">
      <Filter>Header Files\Cases</Filter>
    </ClInclude>
    <ClInclude Include="CaseTwo.h">
      <Filter>Header Files\Cases</Filter>
    </ClInclude>
    <ClInclude Include="CaseThree.h">
      <Filter>Header Files\Cases</Filter>
    </ClInclude>
    <ClInclude Include="SuspectFive.h">
      <Filter>Header Files\Suspects</Filter>
    </ClInclude>
    <ClInclude Include="SuspectFour.h">
      <Filter>Header Files\Suspects</Filter>
    </ClInclude>
    <ClInclude Include="SuspectOne.h">
      <Filter>Header Files\Suspects</Filter>
    </ClInclude>
    <ClInclude Include="SuspectSix.h">
      <Filter>Header Files\Suspects</Filter>
    </ClInclude>
    <ClInclude Include="SuspectThree.h">
      <Filter>Header Files\Suspects</Filter>
    </ClInclude>
    <ClInclude Include="SuspectTwo.h">
      <Filter>Header Files\Suspects</Filter>
    </ClInclude>
    <ClInclude Include="Emotions.h">
      <Filter>Header Files\FSMs</Filter>
    </ClInclude>
  </ItemGroup>
</Project>